<?xml version="1.0" encoding="utf-8"?>
<Project ToolsVersion="17.0" xmlns="http://schemas.microsoft.com/developer/msbuild/2003">
  <ItemGroup>
    <ClCompile Include="E:\Minecraft_DevelopmentRelated\LL插件开发\IndepEntityContainter\src\dllmain.cpp">
      <Filter>Source Files</Filter>
    </ClCompile>
    <ClCompile Include="E:\Minecraft_DevelopmentRelated\LL插件开发\IndepEntityContainter\src\plugin.cpp">
      <Filter>Source Files</Filter>
    </ClCompile>
  </ItemGroup>
  <ItemGroup>
    <ClInclude Include="E:\Minecraft_DevelopmentRelated\LL插件开发\IndepEntityContainter\src\version.h">
      <Filter>Header Files</Filter>
    </ClInclude>
  </ItemGroup>
  <ItemGroup>
    <CustomBuild Include="E:\Minecraft_DevelopmentRelated\LL插件开发\IndepEntityContainter\CMakeLists.txt" />
  </ItemGroup>
  <ItemGroup>
    <Filter Include="Header Files">
      <UniqueIdentifier>{D5DEDDC4-3370-3CED-8ACF-D2DD549C2A38}</UniqueIdentifier>
    </Filter>
    <Filter Include="Source Files">
      <UniqueIdentifier>{23DF4B57-8FCF-3A75-8A28-EAB3E9A0612D}</UniqueIdentifier>
    </Filter>
  </ItemGroup>
</Project>
